  - name: Install, configure, and start Apache
    block:
      - name: install httpd and memcached
        yum:
          name:
          - httpd
          - memcached
          state: present
        when: ansible_facts['distribution'] == 'CentOS'
      - name: apply the foo config template
        template:
          src: templates/src.j2
          dest: /etc/foo.conf
        when: ansible_facts['distribution'] == 'CentOS'
      - name: start service bar and enable it
        service:
          name: bar
          state: started
          enabled: True
    when: ansible_facts['distribution'] == 'CentOS'
  - name: Install, configure, and start Apache
    block:
      - name: install httpd and memcached
        apt:
          name:
          - httpd
          - memcached
          state: present

      - name: apply the foo config template
        template:
          src: templates/src.j2
          dest: /etc/foo.conf
      - name: start service bar and enable it
        service:
          name: bar
          state: started
          enabled: True
    when: ansible_facts['distribution'] == 'Debian'